{
  "originHash" : "cf154b323d007d289d17977ed31f286bf96ca70fa4bc4a48368e354b51ec3cb9",
  "pins" : [
    {
      "identity" : "taskgate",
      "kind" : "remoteSourceControl",
      "location" : "https://github.com/mattmassicotte/TaskGate",
      "state" : {
        "revision" : "b6259ff6b1927e5752b9ab0ff03f794c16547f19"
      }
    }
  ],
  "version" : 3
}
